
Microsoft Visual Studio Solution File, Format Version 12.00
# Visual Studio Version 17
VisualStudioVersion = 17.13.35806.99 d17.13
MinimumVisualStudioVersion = 10.0.40219.1
Project("{FAE04EC0-301F-11D3-BF4B-00C04F79EFBC}") = "Quran Reviser", "Quran Reviser\Quran Reviser.csproj", "{995E2577-EA77-4BA3-99A4-03E874636255}"
EndProject
Global
	GlobalSection(SolutionConfigurationPlatforms) = preSolution
		Debug|Any CPU = Debug|Any CPU
		Release|Any CPU = Release|Any CPU
	EndGlobalSection
	GlobalSection(ProjectConfigurationPlatforms) = postSolution
		{995E2577-EA77-4BA3-99A4-03E874636255}.Debug|Any CPU.ActiveCfg = Debug|Any CPU
		{995E2577-EA77-4BA3-99A4-03E874636255}.Debug|Any CPU.Build.0 = Debug|Any CPU
		{995E2577-EA77-4BA3-99A4-03E874636255}.Release|Any CPU.ActiveCfg = Release|Any CPU
		{995E2577-EA77-4BA3-99A4-03E874636255}.Release|Any CPU.Build.0 = Release|Any CPU
	EndGlobalSection
	GlobalSection(SolutionProperties) = preSolution
		HideSolutionNode = FALSE
	EndGlobalSection
	GlobalSection(ExtensibilityGlobals) = postSolution
		SolutionGuid = {F2F06854-82D7-43FB-A85A-FA9C8FD3A85C}
	EndGlobalSection
EndGlobal
